
Microsoft Visual Studio Solution File, Format Version 12.00
Project("{FAE04EC0-301F-11D3-BF4B-00C04F79EFBC}") = "BetterRead.Shared.Domain", "src\BetterRead.Shared.Domain\BetterRead.Shared.Domain.csproj", "{6DA1541D-B662-4BE9-B6F9-BE0B47296AF9}"
EndProject
Project("{FAE04EC0-301F-11D3-BF4B-00C04F79EFBC}") = "BetterRead.Shared.Repository.Abstractions", "src\BetterRead.Shared.Repository.Abstractions\BetterRead.Shared.Repository.Abstractions.csproj", "{3DEDB8E7-4C4E-4946-89A4-0A45B3A93ADB}"
EndProject
Project("{2150E333-8FDC-42A3-9474-1A3956D46DE8}") = "src", "src", "{C0FCD6CE-94CB-4E9F-873C-A4ADB111292F}"
EndProject
Project("{FAE04EC0-301F-11D3-BF4B-00C04F79EFBC}") = "BetterRead.Shared.Repository", "src\BetterRead.Shared.Repository\BetterRead.Shared.Repository.csproj", "{A7595D23-96C4-442F-A7E0-74CDE5CCBB74}"
EndProject
Project("{FAE04EC0-301F-11D3-BF4B-00C04F79EFBC}") = "BetterRead.Shared.Common", "src\BetterRead.Shared.Common\BetterRead.Shared.Common.csproj", "{4DD6B4BE-F603-4278-9B91-544E867307BA}"
EndProject
Project("{FAE04EC0-301F-11D3-BF4B-00C04F79EFBC}") = "BetterRead.Shared.Services", "src\BetterRead.Shared.Services\BetterRead.Shared.Services.csproj", "{2A7289CC-CCD3-4818-A611-77E76EB3E318}"
EndProject
Project("{FAE04EC0-301F-11D3-BF4B-00C04F79EFBC}") = "BetterRead.Shared.Services.Abstractions", "src\BetterRead.Shared.Services.Abstractions\BetterRead.Shared.Services.Abstractions.csproj", "{89475E54-92AB-47FB-96A4-56BE19FF169B}"
EndProject
Project("{2150E333-8FDC-42A3-9474-1A3956D46DE8}") = "tests", "tests", "{DF5F1E96-0B07-404F-AEB3-FCF772913CFF}"
EndProject
Project("{FAE04EC0-301F-11D3-BF4B-00C04F79EFBC}") = "BetterRead.Shared.Services.Tests", "tests\BetterRead.Shared.Services.Tests\BetterRead.Shared.Services.Tests.csproj", "{77079FD7-0AD1-47C8-97B9-BEA921930ABF}"
EndProject
Project("{FAE04EC0-301F-11D3-BF4B-00C04F79EFBC}") = "BetterRead.Shared", "src\BetterRead.Shared\BetterRead.Shared.csproj", "{E2D9A35A-E19F-4787-A1EB-48AA96DF61FE}"
EndProject
Global
	GlobalSection(SolutionConfigurationPlatforms) = preSolution
		Debug|Any CPU = Debug|Any CPU
		Release|Any CPU = Release|Any CPU
	EndGlobalSection
	GlobalSection(ProjectConfigurationPlatforms) = postSolution
		{6DA1541D-B662-4BE9-B6F9-BE0B47296AF9}.Debug|Any CPU.ActiveCfg = Debug|Any CPU
		{6DA1541D-B662-4BE9-B6F9-BE0B47296AF9}.Debug|Any CPU.Build.0 = Debug|Any CPU
		{6DA1541D-B662-4BE9-B6F9-BE0B47296AF9}.Release|Any CPU.ActiveCfg = Release|Any CPU
		{6DA1541D-B662-4BE9-B6F9-BE0B47296AF9}.Release|Any CPU.Build.0 = Release|Any CPU
		{3DEDB8E7-4C4E-4946-89A4-0A45B3A93ADB}.Debug|Any CPU.ActiveCfg = Debug|Any CPU
		{3DEDB8E7-4C4E-4946-89A4-0A45B3A93ADB}.Debug|Any CPU.Build.0 = Debug|Any CPU
		{3DEDB8E7-4C4E-4946-89A4-0A45B3A93ADB}.Release|Any CPU.ActiveCfg = Release|Any CPU
		{3DEDB8E7-4C4E-4946-89A4-0A45B3A93ADB}.Release|Any CPU.Build.0 = Release|Any CPU
		{A7595D23-96C4-442F-A7E0-74CDE5CCBB74}.Debug|Any CPU.ActiveCfg = Debug|Any CPU
		{A7595D23-96C4-442F-A7E0-74CDE5CCBB74}.Debug|Any CPU.Build.0 = Debug|Any CPU
		{A7595D23-96C4-442F-A7E0-74CDE5CCBB74}.Release|Any CPU.ActiveCfg = Release|Any CPU
		{A7595D23-96C4-442F-A7E0-74CDE5CCBB74}.Release|Any CPU.Build.0 = Release|Any CPU
		{4DD6B4BE-F603-4278-9B91-544E867307BA}.Debug|Any CPU.ActiveCfg = Debug|Any CPU
		{4DD6B4BE-F603-4278-9B91-544E867307BA}.Debug|Any CPU.Build.0 = Debug|Any CPU
		{4DD6B4BE-F603-4278-9B91-544E867307BA}.Release|Any CPU.ActiveCfg = Release|Any CPU
		{4DD6B4BE-F603-4278-9B91-544E867307BA}.Release|Any CPU.Build.0 = Release|Any CPU
		{2A7289CC-CCD3-4818-A611-77E76EB3E318}.Debug|Any CPU.ActiveCfg = Debug|Any CPU
		{2A7289CC-CCD3-4818-A611-77E76EB3E318}.Debug|Any CPU.Build.0 = Debug|Any CPU
		{2A7289CC-CCD3-4818-A611-77E76EB3E318}.Release|Any CPU.ActiveCfg = Release|Any CPU
		{2A7289CC-CCD3-4818-A611-77E76EB3E318}.Release|Any CPU.Build.0 = Release|Any CPU
		{89475E54-92AB-47FB-96A4-56BE19FF169B}.Debug|Any CPU.ActiveCfg = Debug|Any CPU
		{89475E54-92AB-47FB-96A4-56BE19FF169B}.Debug|Any CPU.Build.0 = Debug|Any CPU
		{89475E54-92AB-47FB-96A4-56BE19FF169B}.Release|Any CPU.ActiveCfg = Release|Any CPU
		{89475E54-92AB-47FB-96A4-56BE19FF169B}.Release|Any CPU.Build.0 = Release|Any CPU
		{77079FD7-0AD1-47C8-97B9-BEA921930ABF}.Debug|Any CPU.ActiveCfg = Debug|Any CPU
		{77079FD7-0AD1-47C8-97B9-BEA921930ABF}.Debug|Any CPU.Build.0 = Debug|Any CPU
		{77079FD7-0AD1-47C8-97B9-BEA921930ABF}.Release|Any CPU.ActiveCfg = Release|Any CPU
		{77079FD7-0AD1-47C8-97B9-BEA921930ABF}.Release|Any CPU.Build.0 = Release|Any CPU
		{E2D9A35A-E19F-4787-A1EB-48AA96DF61FE}.Debug|Any CPU.ActiveCfg = Debug|Any CPU
		{E2D9A35A-E19F-4787-A1EB-48AA96DF61FE}.Debug|Any CPU.Build.0 = Debug|Any CPU
		{E2D9A35A-E19F-4787-A1EB-48AA96DF61FE}.Release|Any CPU.ActiveCfg = Release|Any CPU
		{E2D9A35A-E19F-4787-A1EB-48AA96DF61FE}.Release|Any CPU.Build.0 = Release|Any CPU
	EndGlobalSection
	GlobalSection(NestedProjects) = preSolution
		{6DA1541D-B662-4BE9-B6F9-BE0B47296AF9} = {C0FCD6CE-94CB-4E9F-873C-A4ADB111292F}
		{3DEDB8E7-4C4E-4946-89A4-0A45B3A93ADB} = {C0FCD6CE-94CB-4E9F-873C-A4ADB111292F}
		{A7595D23-96C4-442F-A7E0-74CDE5CCBB74} = {C0FCD6CE-94CB-4E9F-873C-A4ADB111292F}
		{4DD6B4BE-F603-4278-9B91-544E867307BA} = {C0FCD6CE-94CB-4E9F-873C-A4ADB111292F}
		{2A7289CC-CCD3-4818-A611-77E76EB3E318} = {C0FCD6CE-94CB-4E9F-873C-A4ADB111292F}
		{89475E54-92AB-47FB-96A4-56BE19FF169B} = {C0FCD6CE-94CB-4E9F-873C-A4ADB111292F}
		{77079FD7-0AD1-47C8-97B9-BEA921930ABF} = {DF5F1E96-0B07-404F-AEB3-FCF772913CFF}
		{E2D9A35A-E19F-4787-A1EB-48AA96DF61FE} = {C0FCD6CE-94CB-4E9F-873C-A4ADB111292F}
	EndGlobalSection
EndGlobal
